
Microsoft Visual Studio Solution File, Format Version 12.00
# Visual Studio Version 17
VisualStudioVersion = 17.13.35919.96
MinimumVisualStudioVersion = 10.0.40219.1
Project("{2150E333-8FDC-42A3-9474-1A3956D46DE8}") = "UserService", "UserService", "{02EA681E-C7D8-13C7-8484-4AC65E1B71E8}"
EndProject
Project("{FAE04EC0-301F-11D3-BF4B-00C04F79EFBC}") = "UserService.Api", "UserService.Api\UserService.Api.csproj", "{54084B6D-5199-4424-8944-FAE2C0836389}"
EndProject
Project("{FAE04EC0-301F-11D3-BF4B-00C04F79EFBC}") = "UserService.Domain", "UserService.Domain\UserService.Domain.csproj", "{EFC4F918-2459-47B6-B347-013E53878453}"
EndProject
Project("{FAE04EC0-301F-11D3-BF4B-00C04F79EFBC}") = "UserService.Infrastructure", "UserService.Infrastructure\UserService.Infrastructure.csproj", "{8F4723E5-B551-443E-8171-14EAAC097680}"
EndProject
Project("{2150E333-8FDC-42A3-9474-1A3956D46DE8}") = "Common", "Common", "{BD8D5CE4-C9EA-4FDE-A433-BEB48F070963}"
EndProject
Project("{FAE04EC0-301F-11D3-BF4B-00C04F79EFBC}") = "Common.Domain", "Common.Domain\Common.Domain.csproj", "{763083C8-3F46-4D7B-9258-67185BD74225}"
EndProject
Project("{FAE04EC0-301F-11D3-BF4B-00C04F79EFBC}") = "Common.Bus", "Common.Bus\Common.Bus.csproj", "{1A4A9605-EC37-426A-9EEE-7BC7D9F493FC}"
EndProject
Project("{2150E333-8FDC-42A3-9474-1A3956D46DE8}") = "ProductService", "ProductService", "{F7607BF7-0BFE-498F-9C31-67572DAD2797}"
EndProject
Project("{FAE04EC0-301F-11D3-BF4B-00C04F79EFBC}") = "ProductService.Api", "ProductService.Api\ProductService.Api.csproj", "{2C73F61B-9E0B-4715-9C88-5E2F258C5BC7}"
EndProject
Project("{FAE04EC0-301F-11D3-BF4B-00C04F79EFBC}") = "ProductService.Domain", "ProductService.Domain\ProductService.Domain.csproj", "{5A912F80-4993-4721-B448-291B207D7F21}"
EndProject
Project("{FAE04EC0-301F-11D3-BF4B-00C04F79EFBC}") = "ProductService.Infrastracture", "ProductService.Infrastracture\ProductService.Infrastracture.csproj", "{6D56EC1F-F113-40F0-AA82-3F7E39A5104E}"
EndProject
Project("{2150E333-8FDC-42A3-9474-1A3956D46DE8}") = "CartService", "CartService", "{9E34A075-1625-4692-A786-27B0D7CB1F6B}"
EndProject
Project("{FAE04EC0-301F-11D3-BF4B-00C04F79EFBC}") = "CartService.Api", "CartService.Api\CartService.Api.csproj", "{FBBBA004-3FCD-47A9-A0E3-C1109FB07DA3}"
EndProject
Project("{FAE04EC0-301F-11D3-BF4B-00C04F79EFBC}") = "CartService.Domain", "CartService.Domain\CartService.Domain.csproj", "{686020D2-D645-41CB-ABB6-8A820CA67FA9}"
EndProject
Project("{FAE04EC0-301F-11D3-BF4B-00C04F79EFBC}") = "CartService.Infrastructure", "CartService.Infrastructure\CartService.Infrastructure.csproj", "{A1A4D620-D382-425A-91E2-1063D8D109EB}"
EndProject
Project("{2150E333-8FDC-42A3-9474-1A3956D46DE8}") = "OrderService", "OrderService", "{9F50977B-9823-4EC3-AD02-3EE3A86BC139}"
EndProject
Project("{FAE04EC0-301F-11D3-BF4B-00C04F79EFBC}") = "OrderService.Domain", "OrderService.Domain\OrderService.Domain.csproj", "{24FDEE41-643D-47C5-BE90-C9D5E7C3D68F}"
EndProject
Project("{FAE04EC0-301F-11D3-BF4B-00C04F79EFBC}") = "OrderService.Infrastructure", "OrderService.Infrastructure\OrderService.Infrastructure.csproj", "{5063382B-440F-443C-99DA-A53385ECB878}"
EndProject
Project("{FAE04EC0-301F-11D3-BF4B-00C04F79EFBC}") = "OrderService.Api", "OrderService.Api\OrderService.Api.csproj", "{4BD37D35-1DEC-410A-A531-3C542E2C3DB1}"
EndProject
Project("{2150E333-8FDC-42A3-9474-1A3956D46DE8}") = "NotificationService", "NotificationService", "{187DC28B-F283-487F-964C-E1A37B9DE114}"
EndProject
Project("{FAE04EC0-301F-11D3-BF4B-00C04F79EFBC}") = "NotificationService.Domain", "NotificationService.Domain\NotificationService.Domain.csproj", "{BA5683EF-D092-406D-ACF4-B2BF12AB73D3}"
EndProject
Project("{FAE04EC0-301F-11D3-BF4B-00C04F79EFBC}") = "NotificationService.Infrastructure", "NotificationService.Infrastructure\NotificationService.Infrastructure.csproj", "{D8F9FA0E-D173-46A5-8322-FF808FFAF220}"
EndProject
Project("{FAE04EC0-301F-11D3-BF4B-00C04F79EFBC}") = "NotificationService.Api", "NotificationService.Api\NotificationService.Api.csproj", "{F6909130-1592-4BBF-8096-564042D4C2AB}"
EndProject
Global
	GlobalSection(SolutionConfigurationPlatforms) = preSolution
		Debug|Any CPU = Debug|Any CPU
		Release|Any CPU = Release|Any CPU
	EndGlobalSection
	GlobalSection(ProjectConfigurationPlatforms) = postSolution
		{54084B6D-5199-4424-8944-FAE2C0836389}.Debug|Any CPU.ActiveCfg = Debug|Any CPU
		{54084B6D-5199-4424-8944-FAE2C0836389}.Debug|Any CPU.Build.0 = Debug|Any CPU
		{54084B6D-5199-4424-8944-FAE2C0836389}.Release|Any CPU.ActiveCfg = Release|Any CPU
		{54084B6D-5199-4424-8944-FAE2C0836389}.Release|Any CPU.Build.0 = Release|Any CPU
		{EFC4F918-2459-47B6-B347-013E53878453}.Debug|Any CPU.ActiveCfg = Debug|Any CPU
		{EFC4F918-2459-47B6-B347-013E53878453}.Debug|Any CPU.Build.0 = Debug|Any CPU
		{EFC4F918-2459-47B6-B347-013E53878453}.Release|Any CPU.ActiveCfg = Release|Any CPU
		{EFC4F918-2459-47B6-B347-013E53878453}.Release|Any CPU.Build.0 = Release|Any CPU
		{8F4723E5-B551-443E-8171-14EAAC097680}.Debug|Any CPU.ActiveCfg = Debug|Any CPU
		{8F4723E5-B551-443E-8171-14EAAC097680}.Debug|Any CPU.Build.0 = Debug|Any CPU
		{8F4723E5-B551-443E-8171-14EAAC097680}.Release|Any CPU.ActiveCfg = Release|Any CPU
		{8F4723E5-B551-443E-8171-14EAAC097680}.Release|Any CPU.Build.0 = Release|Any CPU
		{763083C8-3F46-4D7B-9258-67185BD74225}.Debug|Any CPU.ActiveCfg = Debug|Any CPU
		{763083C8-3F46-4D7B-9258-67185BD74225}.Debug|Any CPU.Build.0 = Debug|Any CPU
		{763083C8-3F46-4D7B-9258-67185BD74225}.Release|Any CPU.ActiveCfg = Release|Any CPU
		{763083C8-3F46-4D7B-9258-67185BD74225}.Release|Any CPU.Build.0 = Release|Any CPU
		{1A4A9605-EC37-426A-9EEE-7BC7D9F493FC}.Debug|Any CPU.ActiveCfg = Debug|Any CPU
		{1A4A9605-EC37-426A-9EEE-7BC7D9F493FC}.Debug|Any CPU.Build.0 = Debug|Any CPU
		{1A4A9605-EC37-426A-9EEE-7BC7D9F493FC}.Release|Any CPU.ActiveCfg = Release|Any CPU
		{1A4A9605-EC37-426A-9EEE-7BC7D9F493FC}.Release|Any CPU.Build.0 = Release|Any CPU
		{2C73F61B-9E0B-4715-9C88-5E2F258C5BC7}.Debug|Any CPU.ActiveCfg = Debug|Any CPU
		{2C73F61B-9E0B-4715-9C88-5E2F258C5BC7}.Debug|Any CPU.Build.0 = Debug|Any CPU
		{2C73F61B-9E0B-4715-9C88-5E2F258C5BC7}.Release|Any CPU.ActiveCfg = Release|Any CPU
		{2C73F61B-9E0B-4715-9C88-5E2F258C5BC7}.Release|Any CPU.Build.0 = Release|Any CPU
		{5A912F80-4993-4721-B448-291B207D7F21}.Debug|Any CPU.ActiveCfg = Debug|Any CPU
		{5A912F80-4993-4721-B448-291B207D7F21}.Debug|Any CPU.Build.0 = Debug|Any CPU
		{5A912F80-4993-4721-B448-291B207D7F21}.Release|Any CPU.ActiveCfg = Release|Any CPU
		{5A912F80-4993-4721-B448-291B207D7F21}.Release|Any CPU.Build.0 = Release|Any CPU
		{6D56EC1F-F113-40F0-AA82-3F7E39A5104E}.Debug|Any CPU.ActiveCfg = Debug|Any CPU
		{6D56EC1F-F113-40F0-AA82-3F7E39A5104E}.Debug|Any CPU.Build.0 = Debug|Any CPU
		{6D56EC1F-F113-40F0-AA82-3F7E39A5104E}.Release|Any CPU.ActiveCfg = Release|Any CPU
		{6D56EC1F-F113-40F0-AA82-3F7E39A5104E}.Release|Any CPU.Build.0 = Release|Any CPU
		{FBBBA004-3FCD-47A9-A0E3-C1109FB07DA3}.Debug|Any CPU.ActiveCfg = Debug|Any CPU
		{FBBBA004-3FCD-47A9-A0E3-C1109FB07DA3}.Debug|Any CPU.Build.0 = Debug|Any CPU
		{FBBBA004-3FCD-47A9-A0E3-C1109FB07DA3}.Release|Any CPU.ActiveCfg = Release|Any CPU
		{FBBBA004-3FCD-47A9-A0E3-C1109FB07DA3}.Release|Any CPU.Build.0 = Release|Any CPU
		{686020D2-D645-41CB-ABB6-8A820CA67FA9}.Debug|Any CPU.ActiveCfg = Debug|Any CPU
		{686020D2-D645-41CB-ABB6-8A820CA67FA9}.Debug|Any CPU.Build.0 = Debug|Any CPU
		{686020D2-D645-41CB-ABB6-8A820CA67FA9}.Release|Any CPU.ActiveCfg = Release|Any CPU
		{686020D2-D645-41CB-ABB6-8A820CA67FA9}.Release|Any CPU.Build.0 = Release|Any CPU
		{A1A4D620-D382-425A-91E2-1063D8D109EB}.Debug|Any CPU.ActiveCfg = Debug|Any CPU
		{A1A4D620-D382-425A-91E2-1063D8D109EB}.Debug|Any CPU.Build.0 = Debug|Any CPU
		{A1A4D620-D382-425A-91E2-1063D8D109EB}.Release|Any CPU.ActiveCfg = Release|Any CPU
		{A1A4D620-D382-425A-91E2-1063D8D109EB}.Release|Any CPU.Build.0 = Release|Any CPU
		{24FDEE41-643D-47C5-BE90-C9D5E7C3D68F}.Debug|Any CPU.ActiveCfg = Debug|Any CPU
		{24FDEE41-643D-47C5-BE90-C9D5E7C3D68F}.Debug|Any CPU.Build.0 = Debug|Any CPU
		{24FDEE41-643D-47C5-BE90-C9D5E7C3D68F}.Release|Any CPU.ActiveCfg = Release|Any CPU
		{24FDEE41-643D-47C5-BE90-C9D5E7C3D68F}.Release|Any CPU.Build.0 = Release|Any CPU
		{5063382B-440F-443C-99DA-A53385ECB878}.Debug|Any CPU.ActiveCfg = Debug|Any CPU
		{5063382B-440F-443C-99DA-A53385ECB878}.Debug|Any CPU.Build.0 = Debug|Any CPU
		{5063382B-440F-443C-99DA-A53385ECB878}.Release|Any CPU.ActiveCfg = Release|Any CPU
		{5063382B-440F-443C-99DA-A53385ECB878}.Release|Any CPU.Build.0 = Release|Any CPU
		{4BD37D35-1DEC-410A-A531-3C542E2C3DB1}.Debug|Any CPU.ActiveCfg = Debug|Any CPU
		{4BD37D35-1DEC-410A-A531-3C542E2C3DB1}.Debug|Any CPU.Build.0 = Debug|Any CPU
		{4BD37D35-1DEC-410A-A531-3C542E2C3DB1}.Release|Any CPU.ActiveCfg = Release|Any CPU
		{4BD37D35-1DEC-410A-A531-3C542E2C3DB1}.Release|Any CPU.Build.0 = Release|Any CPU
		{BA5683EF-D092-406D-ACF4-B2BF12AB73D3}.Debug|Any CPU.ActiveCfg = Debug|Any CPU
		{BA5683EF-D092-406D-ACF4-B2BF12AB73D3}.Debug|Any CPU.Build.0 = Debug|Any CPU
		{BA5683EF-D092-406D-ACF4-B2BF12AB73D3}.Release|Any CPU.ActiveCfg = Release|Any CPU
		{BA5683EF-D092-406D-ACF4-B2BF12AB73D3}.Release|Any CPU.Build.0 = Release|Any CPU
		{D8F9FA0E-D173-46A5-8322-FF808FFAF220}.Debug|Any CPU.ActiveCfg = Debug|Any CPU
		{D8F9FA0E-D173-46A5-8322-FF808FFAF220}.Debug|Any CPU.Build.0 = Debug|Any CPU
		{D8F9FA0E-D173-46A5-8322-FF808FFAF220}.Release|Any CPU.ActiveCfg = Release|Any CPU
		{D8F9FA0E-D173-46A5-8322-FF808FFAF220}.Release|Any CPU.Build.0 = Release|Any CPU
		{F6909130-1592-4BBF-8096-564042D4C2AB}.Debug|Any CPU.ActiveCfg = Debug|Any CPU
		{F6909130-1592-4BBF-8096-564042D4C2AB}.Debug|Any CPU.Build.0 = Debug|Any CPU
		{F6909130-1592-4BBF-8096-564042D4C2AB}.Release|Any CPU.ActiveCfg = Release|Any CPU
		{F6909130-1592-4BBF-8096-564042D4C2AB}.Release|Any CPU.Build.0 = Release|Any CPU
	EndGlobalSection
	GlobalSection(SolutionProperties) = preSolution
		HideSolutionNode = FALSE
	EndGlobalSection
	GlobalSection(NestedProjects) = preSolution
		{54084B6D-5199-4424-8944-FAE2C0836389} = {02EA681E-C7D8-13C7-8484-4AC65E1B71E8}
		{EFC4F918-2459-47B6-B347-013E53878453} = {02EA681E-C7D8-13C7-8484-4AC65E1B71E8}
		{8F4723E5-B551-443E-8171-14EAAC097680} = {02EA681E-C7D8-13C7-8484-4AC65E1B71E8}
		{763083C8-3F46-4D7B-9258-67185BD74225} = {BD8D5CE4-C9EA-4FDE-A433-BEB48F070963}
		{1A4A9605-EC37-426A-9EEE-7BC7D9F493FC} = {BD8D5CE4-C9EA-4FDE-A433-BEB48F070963}
		{2C73F61B-9E0B-4715-9C88-5E2F258C5BC7} = {F7607BF7-0BFE-498F-9C31-67572DAD2797}
		{5A912F80-4993-4721-B448-291B207D7F21} = {F7607BF7-0BFE-498F-9C31-67572DAD2797}
		{6D56EC1F-F113-40F0-AA82-3F7E39A5104E} = {F7607BF7-0BFE-498F-9C31-67572DAD2797}
		{FBBBA004-3FCD-47A9-A0E3-C1109FB07DA3} = {9E34A075-1625-4692-A786-27B0D7CB1F6B}
		{686020D2-D645-41CB-ABB6-8A820CA67FA9} = {9E34A075-1625-4692-A786-27B0D7CB1F6B}
		{A1A4D620-D382-425A-91E2-1063D8D109EB} = {9E34A075-1625-4692-A786-27B0D7CB1F6B}
		{24FDEE41-643D-47C5-BE90-C9D5E7C3D68F} = {9F50977B-9823-4EC3-AD02-3EE3A86BC139}
		{5063382B-440F-443C-99DA-A53385ECB878} = {9F50977B-9823-4EC3-AD02-3EE3A86BC139}
		{4BD37D35-1DEC-410A-A531-3C542E2C3DB1} = {9F50977B-9823-4EC3-AD02-3EE3A86BC139}
		{BA5683EF-D092-406D-ACF4-B2BF12AB73D3} = {187DC28B-F283-487F-964C-E1A37B9DE114}
		{D8F9FA0E-D173-46A5-8322-FF808FFAF220} = {187DC28B-F283-487F-964C-E1A37B9DE114}
		{F6909130-1592-4BBF-8096-564042D4C2AB} = {187DC28B-F283-487F-964C-E1A37B9DE114}
	EndGlobalSection
	GlobalSection(ExtensibilityGlobals) = postSolution
		SolutionGuid = {4F04480B-62ED-4F21-A062-360129EE1636}
	EndGlobalSection
EndGlobal
