<Solution>

  <Folder Name="/Solution Items/">
    <File Path=".editorconfig" />
    <File Path=".gitignore" />
    <File Path="compose.yaml" />
    <File Path="Dockerfile" />
    <File Path="Directory.Build.props" />
    <File Path="Directory.Packages.props" />
    <File Path="README.md" />
  </Folder>

  <Folder Name="/src/">
    <Project Path="src/Soundmates.Api/Soundmates.Api.csproj" />
  </Folder>

  <Folder Name="/tests/">
    <Project Path="tests/Soundmates.IntegrationTests/Soundmates.IntegrationTests.csproj" />
  </Folder>

</Solution>
